// !$*UTF8*$!
{
	archiveVersion = 1;
	classes = {
	};
	objectVersion = 50;
	objects = {

/* Begin PBXBuildFile section */
		093DFBCF24C62EFB0025C05B /* SectionFooter.swift in Sources */ = {isa = PBXBuildFile; fileRef = 093DFBCE24C62EFB0025C05B /* SectionFooter.swift */; };
		093DFBD124C62F3A0025C05B /* SectionFooter.xib in Resources */ = {isa = PBXBuildFile; fileRef = 093DFBD024C62F3A0025C05B /* SectionFooter.xib */; };
		096E065824C87D5D00892A29 /* SearchHeader.swift in Sources */ = {isa = PBXBuildFile; fileRef = 096E065724C87D5D00892A29 /* SearchHeader.swift */; };
		096E065C24C8852500892A29 /* SearchHeader.xib in Resources */ = {isa = PBXBuildFile; fileRef = 096E065B24C8852500892A29 /* SearchHeader.xib */; };
		096EE11124C9B2CE0095EF18 /* NewsCell.swift in Sources */ = {isa = PBXBuildFile; fileRef = 096EE11024C9B2CE0095EF18 /* NewsCell.swift */; };
		096EE11324C9B2E40095EF18 /* NewsController.swift in Sources */ = {isa = PBXBuildFile; fileRef = 096EE11224C9B2E40095EF18 /* NewsController.swift */; };
		0978821824CC3DB200C0B1E4 /* FotoController.swift in Sources */ = {isa = PBXBuildFile; fileRef = 0978821724CC3DB200C0B1E4 /* FotoController.swift */; };
		0978821A24CC504A00C0B1E4 /* FotoControllerCell.swift in Sources */ = {isa = PBXBuildFile; fileRef = 0978821924CC504A00C0B1E4 /* FotoControllerCell.swift */; };
		09C4C35724AF6E9A008FB921 /* AppDelegate.swift in Sources */ = {isa = PBXBuildFile; fileRef = 09C4C35624AF6E9A008FB921 /* AppDelegate.swift */; };
		09C4C35924AF6E9A008FB921 /* SceneDelegate.swift in Sources */ = {isa = PBXBuildFile; fileRef = 09C4C35824AF6E9A008FB921 /* SceneDelegate.swift */; };
		09C4C35B24AF6E9A008FB921 /* ViewController.swift in Sources */ = {isa = PBXBuildFile; fileRef = 09C4C35A24AF6E9A008FB921 /* ViewController.swift */; };
		09C4C35E24AF6E9A008FB921 /* Main.storyboard in Resources */ = {isa = PBXBuildFile; fileRef = 09C4C35C24AF6E9A008FB921 /* Main.storyboard */; };
		09C4C36024AF6EA8008FB921 /* Assets.xcassets in Resources */ = {isa = PBXBuildFile; fileRef = 09C4C35F24AF6EA8008FB921 /* Assets.xcassets */; };
		09C4C36324AF6EA8008FB921 /* LaunchScreen.storyboard in Resources */ = {isa = PBXBuildFile; fileRef = 09C4C36124AF6EA8008FB921 /* LaunchScreen.storyboard */; };
		09E4086A24B73BC2008048D1 /* UserGroupController.swift in Sources */ = {isa = PBXBuildFile; fileRef = 09E4086924B73BC2008048D1 /* UserGroupController.swift */; };
		09E4086C24B73BDF008048D1 /* UserGroupCell.swift in Sources */ = {isa = PBXBuildFile; fileRef = 09E4086B24B73BDF008048D1 /* UserGroupCell.swift */; };
		09E4086E24B74B8B008048D1 /* AllGroupController.swift in Sources */ = {isa = PBXBuildFile; fileRef = 09E4086D24B74B8B008048D1 /* AllGroupController.swift */; };
		09E4087024B75B5A008048D1 /* FriendsCell.swift in Sources */ = {isa = PBXBuildFile; fileRef = 09E4086F24B75B5A008048D1 /* FriendsCell.swift */; };
		09E4087224B75BA8008048D1 /* FriendsController.swift in Sources */ = {isa = PBXBuildFile; fileRef = 09E4087124B75BA8008048D1 /* FriendsController.swift */; };
		09E4087424B76CEE008048D1 /* FriendsCollectionController.swift in Sources */ = {isa = PBXBuildFile; fileRef = 09E4087324B76CEE008048D1 /* FriendsCollectionController.swift */; };
		09E4087624B76D34008048D1 /* FriendsCollectionCell.swift in Sources */ = {isa = PBXBuildFile; fileRef = 09E4087524B76D34008048D1 /* FriendsCollectionCell.swift */; };
/* End PBXBuildFile section */

/* Begin PBXFileReference section */
		093DFBCE24C62EFB0025C05B /* SectionFooter.swift */ = {isa = PBXFileReference; lastKnownFileType = sourcecode.swift; path = SectionFooter.swift; sourceTree = "<group>"; };
		093DFBD024C62F3A0025C05B /* SectionFooter.xib */ = {isa = PBXFileReference; lastKnownFileType = file.xib; path = SectionFooter.xib; sourceTree = "<group>"; };
		096E065724C87D5D00892A29 /* SearchHeader.swift */ = {isa = PBXFileReference; lastKnownFileType = sourcecode.swift; path = SearchHeader.swift; sourceTree = "<group>"; };
		096E065B24C8852500892A29 /* SearchHeader.xib */ = {isa = PBXFileReference; lastKnownFileType = file.xib; path = SearchHeader.xib; sourceTree = "<group>"; };
		096EE11024C9B2CE0095EF18 /* NewsCell.swift */ = {isa = PBXFileReference; lastKnownFileType = sourcecode.swift; path = NewsCell.swift; sourceTree = "<group>"; };
		096EE11224C9B2E40095EF18 /* NewsController.swift */ = {isa = PBXFileReference; lastKnownFileType = sourcecode.swift; path = NewsController.swift; sourceTree = "<group>"; };
		0978821724CC3DB200C0B1E4 /* FotoController.swift */ = {isa = PBXFileReference; lastKnownFileType = sourcecode.swift; path = FotoController.swift; sourceTree = "<group>"; };
		0978821924CC504A00C0B1E4 /* FotoControllerCell.swift */ = {isa = PBXFileReference; lastKnownFileType = sourcecode.swift; path = FotoControllerCell.swift; sourceTree = "<group>"; };
		09C4C35324AF6E9A008FB921 /* Client_VK_KvashninAK.app */ = {isa = PBXFileReference; explicitFileType = wrapper.application; includeInIndex = 0; path = Client_VK_KvashninAK.app; sourceTree = BUILT_PRODUCTS_DIR; };
		09C4C35624AF6E9A008FB921 /* AppDelegate.swift */ = {isa = PBXFileReference; lastKnownFileType = sourcecode.swift; path = AppDelegate.swift; sourceTree = "<group>"; };
		09C4C35824AF6E9A008FB921 /* SceneDelegate.swift */ = {isa = PBXFileReference; lastKnownFileType = sourcecode.swift; path = SceneDelegate.swift; sourceTree = "<group>"; };
		09C4C35A24AF6E9A008FB921 /* ViewController.swift */ = {isa = PBXFileReference; lastKnownFileType = sourcecode.swift; path = ViewController.swift; sourceTree = "<group>"; };
		09C4C35D24AF6E9A008FB921 /* Base */ = {isa = PBXFileReference; lastKnownFileType = file.storyboard; name = Base; path = Base.lproj/Main.storyboard; sourceTree = "<group>"; };
		09C4C35F24AF6EA8008FB921 /* Assets.xcassets */ = {isa = PBXFileReference; lastKnownFileType = folder.assetcatalog; path = Assets.xcassets; sourceTree = "<group>"; };
		09C4C36224AF6EA8008FB921 /* Base */ = {isa = PBXFileReference; lastKnownFileType = file.storyboard; name = Base; path = Base.lproj/LaunchScreen.storyboard; sourceTree = "<group>"; };
		09C4C36424AF6EA8008FB921 /* Info.plist */ = {isa = PBXFileReference; lastKnownFileType = text.plist.xml; path = Info.plist; sourceTree = "<group>"; };
		09E4086924B73BC2008048D1 /* UserGroupController.swift */ = {isa = PBXFileReference; lastKnownFileType = sourcecode.swift; path = UserGroupController.swift; sourceTree = "<group>"; };
		09E4086B24B73BDF008048D1 /* UserGroupCell.swift */ = {isa = PBXFileReference; lastKnownFileType = sourcecode.swift; path = UserGroupCell.swift; sourceTree = "<group>"; };
		09E4086D24B74B8B008048D1 /* AllGroupController.swift */ = {isa = PBXFileReference; lastKnownFileType = sourcecode.swift; path = AllGroupController.swift; sourceTree = "<group>"; };
		09E4086F24B75B5A008048D1 /* FriendsCell.swift */ = {isa = PBXFileReference; lastKnownFileType = sourcecode.swift; path = FriendsCell.swift; sourceTree = "<group>"; };
		09E4087124B75BA8008048D1 /* FriendsController.swift */ = {isa = PBXFileReference; lastKnownFileType = sourcecode.swift; path = FriendsController.swift; sourceTree = "<group>"; };
		09E4087324B76CEE008048D1 /* FriendsCollectionController.swift */ = {isa = PBXFileReference; lastKnownFileType = sourcecode.swift; path = FriendsCollectionController.swift; sourceTree = "<group>"; };
		09E4087524B76D34008048D1 /* FriendsCollectionCell.swift */ = {isa = PBXFileReference; lastKnownFileType = sourcecode.swift; path = FriendsCollectionCell.swift; sourceTree = "<group>"; };
/* End PBXFileReference section */

/* Begin PBXFrameworksBuildPhase section */
		09C4C35024AF6E99008FB921 /* Frameworks */ = {
			isa = PBXFrameworksBuildPhase;
			buildActionMask = 2147483647;
			files = (
			);
			runOnlyForDeploymentPostprocessing = 0;
		};
/* End PBXFrameworksBuildPhase section */

/* Begin PBXGroup section */
		09C4C34A24AF6E99008FB921 = {
			isa = PBXGroup;
			children = (
				09C4C35524AF6E9A008FB921 /* Client_VK_KvashninAK */,
				09C4C35424AF6E9A008FB921 /* Products */,
			);
			sourceTree = "<group>";
		};
		09C4C35424AF6E9A008FB921 /* Products */ = {
			isa = PBXGroup;
			children = (
				09C4C35324AF6E9A008FB921 /* Client_VK_KvashninAK.app */,
			);
			name = Products;
			sourceTree = "<group>";
		};
		09C4C35524AF6E9A008FB921 /* Client_VK_KvashninAK */ = {
			isa = PBXGroup;
			children = (
				09E4086824B73B39008048D1 /* Model */,
				09C4C35624AF6E9A008FB921 /* AppDelegate.swift */,
				09C4C35824AF6E9A008FB921 /* SceneDelegate.swift */,
				09C4C35A24AF6E9A008FB921 /* ViewController.swift */,
				09C4C35C24AF6E9A008FB921 /* Main.storyboard */,
				09C4C35F24AF6EA8008FB921 /* Assets.xcassets */,
				09C4C36124AF6EA8008FB921 /* LaunchScreen.storyboard */,
				09C4C36424AF6EA8008FB921 /* Info.plist */,
			);
			path = Client_VK_KvashninAK;
			sourceTree = "<group>";
		};
		09E4086824B73B39008048D1 /* Model */ = {
			isa = PBXGroup;
			children = (
				09E4086924B73BC2008048D1 /* UserGroupController.swift */,
				09E4086B24B73BDF008048D1 /* UserGroupCell.swift */,
				09E4086D24B74B8B008048D1 /* AllGroupController.swift */,
				09E4086F24B75B5A008048D1 /* FriendsCell.swift */,
				09E4087124B75BA8008048D1 /* FriendsController.swift */,
				09E4087324B76CEE008048D1 /* FriendsCollectionController.swift */,
				09E4087524B76D34008048D1 /* FriendsCollectionCell.swift */,
				093DFBCE24C62EFB0025C05B /* SectionFooter.swift */,
				093DFBD024C62F3A0025C05B /* SectionFooter.xib */,
				096E065724C87D5D00892A29 /* SearchHeader.swift */,
				096E065B24C8852500892A29 /* SearchHeader.xib */,
				096EE11024C9B2CE0095EF18 /* NewsCell.swift */,
				096EE11224C9B2E40095EF18 /* NewsController.swift */,
				0978821724CC3DB200C0B1E4 /* FotoController.swift */,
				0978821924CC504A00C0B1E4 /* FotoControllerCell.swift */,
			);
			path = Model;
			sourceTree = "<group>";
		};
/* End PBXGroup section */

/* Begin PBXNativeTarget section */
		09C4C35224AF6E99008FB921 /* Client_VK_KvashninAK */ = {
			isa = PBXNativeTarget;
			buildConfigurationList = 09C4C36724AF6EA8008FB921 /* Build configuration list for PBXNativeTarget "Client_VK_KvashninAK" */;
			buildPhases = (
				09C4C34F24AF6E99008FB921 /* Sources */,
				09C4C35024AF6E99008FB921 /* Frameworks */,
				09C4C35124AF6E99008FB921 /* Resources */,
			);
			buildRules = (
			);
			dependencies = (
			);
			name = Client_VK_KvashninAK;
			productName = Client_VK_KvashninAK;
			productReference = 09C4C35324AF6E9A008FB921 /* Client_VK_KvashninAK.app */;
			productType = "com.apple.product-type.application";
		};
/* End PBXNativeTarget section */

/* Begin PBXProject section */
		09C4C34B24AF6E99008FB921 /* Project object */ = {
			isa = PBXProject;
			attributes = {
				LastSwiftUpdateCheck = 1130;
				LastUpgradeCheck = 1130;
				ORGANIZATIONNAME = "Alexandr Kvashnin";
				TargetAttributes = {
					09C4C35224AF6E99008FB921 = {
						CreatedOnToolsVersion = 11.3.1;
					};
				};
			};
			buildConfigurationList = 09C4C34E24AF6E99008FB921 /* Build configuration list for PBXProject "Client_VK_KvashninAK" */;
			compatibilityVersion = "Xcode 9.3";
			developmentRegion = en;
			hasScannedForEncodings = 0;
			knownRegions = (
				en,
				Base,
			);
			mainGroup = 09C4C34A24AF6E99008FB921;
			productRefGroup = 09C4C35424AF6E9A008FB921 /* Products */;
			projectDirPath = "";
			projectRoot = "";
			targets = (
				09C4C35224AF6E99008FB921 /* Client_VK_KvashninAK */,
			);
		};
/* End PBXProject section */

/* Begin PBXResourcesBuildPhase section */
		09C4C35124AF6E99008FB921 /* Resources */ = {
			isa = PBXResourcesBuildPhase;
			buildActionMask = 2147483647;
			files = (
				09C4C36324AF6EA8008FB921 /* LaunchScreen.storyboard in Resources */,
				096E065C24C8852500892A29 /* SearchHeader.xib in Resources */,
				09C4C36024AF6EA8008FB921 /* Assets.xcassets in Resources */,
				093DFBD124C62F3A0025C05B /* SectionFooter.xib in Resources */,
				09C4C35E24AF6E9A008FB921 /* Main.storyboard in Resources */,
			);
			runOnlyForDeploymentPostprocessing = 0;
		};
/* End PBXResourcesBuildPhase section */

/* Begin PBXSourcesBuildPhase section */
		09C4C34F24AF6E99008FB921 /* Sources */ = {
			isa = PBXSourcesBuildPhase;
			buildActionMask = 2147483647;
			files = (
				09C4C35B24AF6E9A008FB921 /* ViewController.swift in Sources */,
				093DFBCF24C62EFB0025C05B /* SectionFooter.swift in Sources */,
				09E4087224B75BA8008048D1 /* FriendsController.swift in Sources */,
				09E4086A24B73BC2008048D1 /* UserGroupController.swift in Sources */,
				0978821824CC3DB200C0B1E4 /* FotoController.swift in Sources */,
				09E4087424B76CEE008048D1 /* FriendsCollectionController.swift in Sources */,
				09E4086C24B73BDF008048D1 /* UserGroupCell.swift in Sources */,
				09C4C35724AF6E9A008FB921 /* AppDelegate.swift in Sources */,
				09C4C35924AF6E9A008FB921 /* SceneDelegate.swift in Sources */,
				096E065824C87D5D00892A29 /* SearchHeader.swift in Sources */,
				09E4087624B76D34008048D1 /* FriendsCollectionCell.swift in Sources */,
				096EE11324C9B2E40095EF18 /* NewsController.swift in Sources */,
				09E4086E24B74B8B008048D1 /* AllGroupController.swift in Sources */,
				096EE11124C9B2CE0095EF18 /* NewsCell.swift in Sources */,
				09E4087024B75B5A008048D1 /* FriendsCell.swift in Sources */,
				0978821A24CC504A00C0B1E4 /* FotoControllerCell.swift in Sources */,
			);
			runOnlyForDeploymentPostprocessing = 0;
		};
/* End PBXSourcesBuildPhase section */

/* Begin PBXVariantGroup section */
		09C4C35C24AF6E9A008FB921 /* Main.storyboard */ = {
			isa = PBXVariantGroup;
			children = (
				09C4C35D24AF6E9A008FB921 /* Base */,
			);
			name = Main.storyboard;
			sourceTree = "<group>";
		};
		09C4C36124AF6EA8008FB921 /* LaunchScreen.storyboard */ = {
			isa = PBXVariantGroup;
			children = (
				09C4C36224AF6EA8008FB921 /* Base */,
			);
			name = LaunchScreen.storyboard;
			sourceTree = "<group>";
		};
/* End PBXVariantGroup section */

/* Begin XCBuildConfiguration section */
		09C4C36524AF6EA8008FB921 /* Debug */ = {
			isa = XCBuildConfiguration;
			buildSettings = {
				ALWAYS_SEARCH_USER_PATHS = NO;
				CLANG_ANALYZER_NONNULL = YES;
				CLANG_ANALYZER_NUMBER_OBJECT_CONVERSION = YES_AGGRESSIVE;
				CLANG_CXX_LANGUAGE_STANDARD = "gnu++14";
				CLANG_CXX_LIBRARY = "libc++";
				CLANG_ENABLE_MODULES = YES;
				CLANG_ENABLE_OBJC_ARC = YES;
				CLANG_ENABLE_OBJC_WEAK = YES;
				CLANG_WARN_BLOCK_CAPTURE_AUTORELEASING = YES;
				CLANG_WARN_BOOL_CONVERSION = YES;
				CLANG_WARN_COMMA = YES;
				CLANG_WARN_CONSTANT_CONVERSION = YES;
				CLANG_WARN_DEPRECATED_OBJC_IMPLEMENTATIONS = YES;
				CLANG_WARN_DIRECT_OBJC_ISA_USAGE = YES_ERROR;
				CLANG_WARN_DOCUMENTATION_COMMENTS = YES;
				CLANG_WARN_EMPTY_BODY = YES;
				CLANG_WARN_ENUM_CONVERSION = YES;
				CLANG_WARN_INFINITE_RECURSION = YES;
				CLANG_WARN_INT_CONVERSION = YES;
				CLANG_WARN_NON_LITERAL_NULL_CONVERSION = YES;
				CLANG_WARN_OBJC_IMPLICIT_RETAIN_SELF = YES;
				CLANG_WARN_OBJC_LITERAL_CONVERSION = YES;
				CLANG_WARN_OBJC_ROOT_CLASS = YES_ERROR;
				CLANG_WARN_RANGE_LOOP_ANALYSIS = YES;
				CLANG_WARN_STRICT_PROTOTYPES = YES;
				CLANG_WARN_SUSPICIOUS_MOVE = YES;
				CLANG_WARN_UNGUARDED_AVAILABILITY = YES_AGGRESSIVE;
				CLANG_WARN_UNREACHABLE_CODE = YES;
				CLANG_WARN__DUPLICATE_METHOD_MATCH = YES;
				COPY_PHASE_STRIP = NO;
				DEBUG_INFORMATION_FORMAT = dwarf;
				ENABLE_STRICT_OBJC_MSGSEND = YES;
				ENABLE_TESTABILITY = YES;
				GCC_C_LANGUAGE_STANDARD = gnu11;
				GCC_DYNAMIC_NO_PIC = NO;
				GCC_NO_COMMON_BLOCKS = YES;
				GCC_OPTIMIZATION_LEVEL = 0;
				GCC_PREPROCESSOR_DEFINITIONS = (
					"DEBUG=1",
					"$(inherited)",
				);
				GCC_WARN_64_TO_32_BIT_CONVERSION = YES;
				GCC_WARN_ABOUT_RETURN_TYPE = YES_ERROR;
				GCC_WARN_UNDECLARED_SELECTOR = YES;
				GCC_WARN_UNINITIALIZED_AUTOS = YES_AGGRESSIVE;
				GCC_WARN_UNUSED_FUNCTION = YES;
				GCC_WARN_UNUSED_VARIABLE = YES;
				IPHONEOS_DEPLOYMENT_TARGET = 13.2;
				MTL_ENABLE_DEBUG_INFO = INCLUDE_SOURCE;
				MTL_FAST_MATH = YES;
				ONLY_ACTIVE_ARCH = YES;
				SDKROOT = iphoneos;
				SWIFT_ACTIVE_COMPILATION_CONDITIONS = DEBUG;
				SWIFT_OPTIMIZATION_LEVEL = "-Onone";
			};
			name = Debug;
		};
		09C4C36624AF6EA8008FB921 /* Release */ = {
			isa = XCBuildConfiguration;
			buildSettings = {
				ALWAYS_SEARCH_USER_PATHS = NO;
				CLANG_ANALYZER_NONNULL = YES;
				CLANG_ANALYZER_NUMBER_OBJECT_CONVERSION = YES_AGGRESSIVE;
				CLANG_CXX_LANGUAGE_STANDARD = "gnu++14";
				CLANG_CXX_LIBRARY = "libc++";
				CLANG_ENABLE_MODULES = YES;
				CLANG_ENABLE_OBJC_ARC = YES;
				CLANG_ENABLE_OBJC_WEAK = YES;
				CLANG_WARN_BLOCK_CAPTURE_AUTORELEASING = YES;
				CLANG_WARN_BOOL_CONVERSION = YES;
				CLANG_WARN_COMMA = YES;
				CLANG_WARN_CONSTANT_CONVERSION = YES;
				CLANG_WARN_DEPRECATED_OBJC_IMPLEMENTATIONS = YES;
				CLANG_WARN_DIRECT_OBJC_ISA_USAGE = YES_ERROR;
				CLANG_WARN_DOCUMENTATION_COMMENTS = YES;
				CLANG_WARN_EMPTY_BODY = YES;
				CLANG_WARN_ENUM_CONVERSION = YES;
				CLANG_WARN_INFINITE_RECURSION = YES;
				CLANG_WARN_INT_CONVERSION = YES;
				CLANG_WARN_NON_LITERAL_NULL_CONVERSION = YES;
				CLANG_WARN_OBJC_IMPLICIT_RETAIN_SELF = YES;
				CLANG_WARN_OBJC_LITERAL_CONVERSION = YES;
				CLANG_WARN_OBJC_ROOT_CLASS = YES_ERROR;
				CLANG_WARN_RANGE_LOOP_ANALYSIS = YES;
				CLANG_WARN_STRICT_PROTOTYPES = YES;
				CLANG_WARN_SUSPICIOUS_MOVE = YES;
				CLANG_WARN_UNGUARDED_AVAILABILITY = YES_AGGRESSIVE;
				CLANG_WARN_UNREACHABLE_CODE = YES;
				CLANG_WARN__DUPLICATE_METHOD_MATCH = YES;
				COPY_PHASE_STRIP = NO;
				DEBUG_INFORMATION_FORMAT = "dwarf-with-dsym";
				ENABLE_NS_ASSERTIONS = NO;
				ENABLE_STRICT_OBJC_MSGSEND = YES;
				GCC_C_LANGUAGE_STANDARD = gnu11;
				GCC_NO_COMMON_BLOCKS = YES;
				GCC_WARN_64_TO_32_BIT_CONVERSION = YES;
				GCC_WARN_ABOUT_RETURN_TYPE = YES_ERROR;
				GCC_WARN_UNDECLARED_SELECTOR = YES;
				GCC_WARN_UNINITIALIZED_AUTOS = YES_AGGRESSIVE;
				GCC_WARN_UNUSED_FUNCTION = YES;
				GCC_WARN_UNUSED_VARIABLE = YES;
				IPHONEOS_DEPLOYMENT_TARGET = 13.2;
				MTL_ENABLE_DEBUG_INFO = NO;
				MTL_FAST_MATH = YES;
				SDKROOT = iphoneos;
				SWIFT_COMPILATION_MODE = wholemodule;
				SWIFT_OPTIMIZATION_LEVEL = "-O";
				VALIDATE_PRODUCT = YES;
			};
			name = Release;
		};
		09C4C36824AF6EA8008FB921 /* Debug */ = {
			isa = XCBuildConfiguration;
			buildSettings = {
				ASSETCATALOG_COMPILER_APPICON_NAME = AppIcon;
				CODE_SIGN_STYLE = Automatic;
				DEVELOPMENT_TEAM = 4B8R8CCTC3;
				INFOPLIST_FILE = Client_VK_KvashninAK/Info.plist;
				LD_RUNPATH_SEARCH_PATHS = (
					"$(inherited)",
					"@executable_path/Frameworks",
				);
				PRODUCT_BUNDLE_IDENTIFIER = "AKGL.Client-VK-KvashninAK";
				PRODUCT_NAME = "$(TARGET_NAME)";
				SWIFT_VERSION = 5.0;
				TARGETED_DEVICE_FAMILY = "1,2";
			};
			name = Debug;
		};
		09C4C36924AF6EA8008FB921 /* Release */ = {
			isa = XCBuildConfiguration;
			buildSettings = {
				ASSETCATALOG_COMPILER_APPICON_NAME = AppIcon;
				CODE_SIGN_STYLE = Automatic;
				DEVELOPMENT_TEAM = 4B8R8CCTC3;
				INFOPLIST_FILE = Client_VK_KvashninAK/Info.plist;
				LD_RUNPATH_SEARCH_PATHS = (
					"$(inherited)",
					"@executable_path/Frameworks",
				);
				PRODUCT_BUNDLE_IDENTIFIER = "AKGL.Client-VK-KvashninAK";
				PRODUCT_NAME = "$(TARGET_NAME)";
				SWIFT_VERSION = 5.0;
				TARGETED_DEVICE_FAMILY = "1,2";
			};
			name = Release;
		};
/* End XCBuildConfiguration section */

/* Begin XCConfigurationList section */
		09C4C34E24AF6E99008FB921 /* Build configuration list for PBXProject "Client_VK_KvashninAK" */ = {
			isa = XCConfigurationList;
			buildConfigurations = (
				09C4C36524AF6EA8008FB921 /* Debug */,
				09C4C36624AF6EA8008FB921 /* Release */,
			);
			defaultConfigurationIsVisible = 0;
			defaultConfigurationName = Release;
		};
		09C4C36724AF6EA8008FB921 /* Build configuration list for PBXNativeTarget "Client_VK_KvashninAK" */ = {
			isa = XCConfigurationList;
			buildConfigurations = (
				09C4C36824AF6EA8008FB921 /* Debug */,
				09C4C36924AF6EA8008FB921 /* Release */,
			);
			defaultConfigurationIsVisible = 0;
			defaultConfigurationName = Release;
		};
/* End XCConfigurationList section */
	};
	rootObject = 09C4C34B24AF6E99008FB921 /* Project object */;
}
